
Microsoft Visual Studio Solution File, Format Version 12.00
# Visual Studio Version 16
VisualStudioVersion = 16.0.28729.10
MinimumVisualStudioVersion = 10.0.40219.1
Project("{FAE04EC0-301F-11D3-BF4B-00C04F79EFBC}") = "Homework_10_02", "Homework_10_02\Homework_10_02.csproj", "{13C34EF7-2AED-44DC-87C6-D7E0626A9893}"
EndProject
Global
	GlobalSection(SolutionConfigurationPlatforms) = preSolution
		Debug|Any CPU = Debug|Any CPU
		Release|Any CPU = Release|Any CPU
	EndGlobalSection
	GlobalSection(ProjectConfigurationPlatforms) = postSolution
		{13C34EF7-2AED-44DC-87C6-D7E0626A9893}.Debug|Any CPU.ActiveCfg = Debug|Any CPU
		{13C34EF7-2AED-44DC-87C6-D7E0626A9893}.Debug|Any CPU.Build.0 = Debug|Any CPU
		{13C34EF7-2AED-44DC-87C6-D7E0626A9893}.Release|Any CPU.ActiveCfg = Release|Any CPU
		{13C34EF7-2AED-44DC-87C6-D7E0626A9893}.Release|Any CPU.Build.0 = Release|Any CPU
	EndGlobalSection
	GlobalSection(SolutionProperties) = preSolution
		HideSolutionNode = FALSE
	EndGlobalSection
	GlobalSection(ExtensibilityGlobals) = postSolution
		SolutionGuid = {D0FD7B11-B95F-4431-B2EF-415E00EF0EAA}
	EndGlobalSection
EndGlobal
